{
  "name": "@tinynodes/ngx-editorjs",
  "version": "4.0.0",
  "lockfileVersion": 2,
  "requires": true,
  "packages": {
    "": {
      "name": "@tinynodes/ngx-editorjs",
      "version": "4.0.0",
      "license": "MIT",
      "peerDependencies": {
        "@angular/animations": "~9.1.0",
        "@angular/common": "~9.1.0",
        "@angular/core": "~9.1.0",
        "@angular/forms": "~9.1.0",
        "@angular/material": "~9.2.0",
        "@editorjs/editorjs": "^2.17.0",
        "@tinynodes/ngx-editorjs-plugins": "^3.0.0"
      }
    },
    "node_modules/@angular/animations": {
      "version": "9.1.13",
      "resolved": "https://registry.npmjs.org/@angular/animations/-/animations-9.1.13.tgz",
      "integrity": "sha512-ane1eeQmsP7fcAiLgRhle7YIDgE88WDMMvzqJYhSxwLzXNF/hwqNeskmNcjo8bLt9h/yTIjrCQbycLCHJfU8UQ==",
      "peer": true,
      "peerDependencies": {
        "@angular/core": "9.1.13",
        "tslib": "^1.10.0"
      }
    },
    "node_modules/@angular/cdk": {
      "version": "9.2.4",
      "resolved": "https://registry.npmjs.org/@angular/cdk/-/cdk-9.2.4.tgz",
      "integrity": "sha512-iw2+qHMXHYVC6K/fttHeNHIieSKiTEodVutZoOEcBu9rmRTGbLB26V/CRsfIRmA1RBk+uFYWc6UQZnMC3RdnJQ==",
      "peer": true,
      "optionalDependencies": {
        "parse5": "^5.0.0"
      },
      "peerDependencies": {
        "@angular/common": "^9.0.0 || ^10.0.0-0",
        "@angular/core": "^9.0.0 || ^10.0.0-0",
        "tslib": "^1.9.0"
      }
    },
    "node_modules/@angular/common": {
      "version": "9.1.13",
      "resolved": "https://registry.npmjs.org/@angular/common/-/common-9.1.13.tgz",
      "integrity": "sha512-QACUhJWlly/nfHUmjopVS1p6ayxxa/NqjyftdCeBJaoyM2YohqWixP/n/keu1K/srJ96aFpUNsZQgmgoRv5SOQ==",
      "peer": true,
      "peerDependencies": {
        "@angular/core": "9.1.13",
        "rxjs": "^6.5.3",
        "tslib": "^1.10.0"
      }
    },
    "node_modules/@angular/core": {
      "version": "9.1.13",
      "resolved": "https://registry.npmjs.org/@angular/core/-/core-9.1.13.tgz",
      "integrity": "sha512-mBm24Q9GjkAsxMAzqQ86U1078+yTEpr0+syMEruUtJ0HUH6Fzn3J+6xTLb+BVcGb9RkCkFaV9T5mcn6ZM0f++g==",
      "peer": true,
      "peerDependencies": {
        "rxjs": "^6.5.3",
        "tslib": "^1.10.0",
        "zone.js": "~0.10.3"
      }
    },
    "node_modules/@angular/forms": {
      "version": "9.1.13",
      "resolved": "https://registry.npmjs.org/@angular/forms/-/forms-9.1.13.tgz",
      "integrity": "sha512-soGVZmPq2bzkxvtTyeJB8p3ejzm4xxt+43hJw6Ag8NxpwUFPVa30oJge3JV+u8Y4yBtl5SbOZ4bBX3EkMxLcGQ==",
      "peer": true,
      "peerDependencies": {
        "@angular/common": "9.1.13",
        "@angular/core": "9.1.13",
        "@angular/platform-browser": "9.1.13",
        "rxjs": "^6.5.3",
        "tslib": "^1.10.0"
      }
    },
    "node_modules/@angular/material": {
      "version": "9.2.4",
      "resolved": "https://registry.npmjs.org/@angular/material/-/material-9.2.4.tgz",
      "integrity": "sha512-LkoTXE6B0slvMhvfZDdPWaz4yaYLkaAp5VSPunI9pxGsPxzqEV9e210wC1/sjG/76Nk8Ep7/2z9XKac8Q9bMwA==",
      "peer": true,
      "peerDependencies": {
        "@angular/animations": "^9.0.0 || ^10.0.0-0",
        "@angular/cdk": "9.2.4",
        "@angular/common": "^9.0.0 || ^10.0.0-0",
        "@angular/core": "^9.0.0 || ^10.0.0-0",
        "@angular/forms": "^9.0.0 || ^10.0.0-0",
        "tslib": "^1.9.0"
      }
    },
    "node_modules/@angular/platform-browser": {
      "version": "9.1.13",
      "resolved": "https://registry.npmjs.org/@angular/platform-browser/-/platform-browser-9.1.13.tgz",
      "integrity": "sha512-F3iTz1zNbtrs7KFKUxbj8qmTsd/fiuTNcpBExjE5TtatRiE6J8vNvN1+Z/1FgPe0UXBSdTzSwZ8/RxWKw20RMw==",
      "peer": true,
      "peerDependencies": {
        "@angular/animations": "9.1.13",
        "@angular/common": "9.1.13",
        "@angular/core": "9.1.13",
        "tslib": "^1.10.0"
      },
      "peerDependenciesMeta": {
        "@angular/animations": {
          "optional": true
        }
      }
    },
    "node_modules/@babel/runtime": {
      "version": "7.13.10",
      "resolved": "https://registry.npmjs.org/@babel/runtime/-/runtime-7.13.10.tgz",
      "integrity": "sha512-4QPkjJq6Ns3V/RgpEahRk+AGfL0eO6RHHtTWoNNr5mO49G6B5+X6d6THgWEAvTrznU5xYpbAlVKRYcsCgh/Akw==",
      "peer": true,
      "dependencies": {
        "regenerator-runtime": "^0.13.4"
      }
    },
    "node_modules/@editorjs/code": {
      "version": "2.7.0",
      "resolved": "https://registry.npmjs.org/@editorjs/code/-/code-2.7.0.tgz",
      "integrity": "sha512-gXtTce915fHp3H9i4IqhTxEDbbkT2heFfYiW/bhFHsCmZDpyGzfZxi94kmrEqDmbxXjV49ZZ6GZbR26If13KJw==",
      "peer": true
    },
    "node_modules/@editorjs/editorjs": {
      "version": "2.20.0",
      "resolved": "https://registry.npmjs.org/@editorjs/editorjs/-/editorjs-2.20.0.tgz",
      "integrity": "sha512-e6DWi8bMypFhovq9R6cefaDWVfrlVU++Q7ABp79+MxZIuC/SKAW5EtxBbKPL22H/Mc3bJIhZCxOqEl70HBh2yw==",
      "peer": true,
      "dependencies": {
        "codex-notifier": "^1.1.2",
        "codex-tooltip": "^1.0.1"
      }
    },
    "node_modules/@editorjs/header": {
      "version": "2.6.1",
      "resolved": "https://registry.npmjs.org/@editorjs/header/-/header-2.6.1.tgz",
      "integrity": "sha512-EsnyVFv5uThpU9tbQ/dUPFCQoa/sBFy2n+9tN3wOXJGx7sjea4fdcacJ2UYhO+7pCgZ+aSgmMOyGLYHUFbchvA==",
      "peer": true
    },
    "node_modules/@editorjs/image": {
      "version": "2.6.0",
      "resolved": "https://registry.npmjs.org/@editorjs/image/-/image-2.6.0.tgz",
      "integrity": "sha512-lX4Pz9cW3gGFzlmYLRAsBXTiqUG/MRG7NK4QVU+n/VnUWPU1e791eiIpgRLHfpPj6Maaw5a+GRut90D5EdXtqg==",
      "peer": true
    },
    "node_modules/@editorjs/inline-code": {
      "version": "1.3.1",
      "resolved": "https://registry.npmjs.org/@editorjs/inline-code/-/inline-code-1.3.1.tgz",
      "integrity": "sha512-iY6DeRmJo2Jl6sB2S9QEA9OoSp+KCHBztoY2fjPeiBcKCOKX8we5H3JQJTLxT0L/N8uJqCUiiPKgG6xvqaCn+g==",
      "peer": true
    },
    "node_modules/@editorjs/link": {
      "version": "2.3.1",
      "resolved": "https://registry.npmjs.org/@editorjs/link/-/link-2.3.1.tgz",
      "integrity": "sha512-FvZTzgMd8jPZOwcs/ns65hW5H6xAPyxMG/pUsOTDuSH40Ko1G7QPPtUJJ3M6vOH5GJQ9KVwQ3ng3Kx4P9ndFWQ==",
      "peer": true,
      "dependencies": {
        "@babel/runtime": "^7.10.2"
      }
    },
    "node_modules/@editorjs/list": {
      "version": "1.6.2",
      "resolved": "https://registry.npmjs.org/@editorjs/list/-/list-1.6.2.tgz",
      "integrity": "sha512-OxowV0yuE11G01czYM1dEQlz1F37ehX0ak5vAbZ9ncSXrPh0fDRw/fBxTY654FlmrsQ40UFom3owSG++tLvVGw==",
      "peer": true
    },
    "node_modules/@editorjs/marker": {
      "version": "1.2.2",
      "resolved": "https://registry.npmjs.org/@editorjs/marker/-/marker-1.2.2.tgz",
      "integrity": "sha512-BN/IHbVKKahGnMAiBOV5U7XUjfF6JkIkTZ6qNLxtTr7PUPM8UsJV8G8pyll9CX+XRUYYZyokA2kEBHTS4vUyyw==",
      "peer": true
    },
    "node_modules/@editorjs/paragraph": {
      "version": "2.8.0",
      "resolved": "https://registry.npmjs.org/@editorjs/paragraph/-/paragraph-2.8.0.tgz",
      "integrity": "sha512-z6w5ZR0ru3p/IjxJW/tb7OcSnVttkZukQMIsnBMX1FIKc1BNdr7NwM1YoCyTl4OnC90YfL0xgES6/20/W267pw==",
      "peer": true
    },
    "node_modules/@editorjs/simple-image": {
      "version": "1.4.1",
      "resolved": "https://registry.npmjs.org/@editorjs/simple-image/-/simple-image-1.4.1.tgz",
      "integrity": "sha512-8lqcMYKrxhnDNasqq4Id9/SwXymSofVb4SJBC7gQoJmNG9bfRgVEXLsEUnuLzn8ixkAYlK2oNTc7ioZdD8bEOw==",
      "peer": true
    },
    "node_modules/@tinynodes/ngx-editorjs-plugins": {
      "version": "3.0.0",
      "resolved": "https://registry.npmjs.org/@tinynodes/ngx-editorjs-plugins/-/ngx-editorjs-plugins-3.0.0.tgz",
      "integrity": "sha512-kUUoTY5aBWqdoUbKu9rLVSLahCFck0em8uNi6ibSNUCZvioVAO4EEj3vjXYWS44kW0+of6HxHJBDjgkEmNXpzg==",
      "peer": true,
      "peerDependencies": {
        "@angular/common": "~9.1.0",
        "@angular/core": "~9.1.0",
        "@editorjs/code": "^2.4.1",
        "@editorjs/header": "^2.4.0",
        "@editorjs/image": "^2.3.1",
        "@editorjs/inline-code": "^1.3.0",
        "@editorjs/link": "^2.1.3",
        "@editorjs/list": "^1.4.0",
        "@editorjs/marker": "^1.2.1",
        "@editorjs/paragraph": "^2.6.0",
        "@editorjs/simple-image": "^1.3.2",
        "tslib": "^1.10.0"
      }
    },
    "node_modules/codex-notifier": {
      "version": "1.1.2",
      "resolved": "https://registry.npmjs.org/codex-notifier/-/codex-notifier-1.1.2.tgz",
      "integrity": "sha512-DCp6xe/LGueJ1N5sXEwcBc3r3PyVkEEDNWCVigfvywAkeXcZMk9K41a31tkEFBW0Ptlwji6/JlAb49E3Yrxbtg==",
      "peer": true
    },
    "node_modules/codex-tooltip": {
      "version": "1.0.2",
      "resolved": "https://registry.npmjs.org/codex-tooltip/-/codex-tooltip-1.0.2.tgz",
      "integrity": "sha512-oC+Bu5X/zyhbPydgMSLWKoM/+vkJMqaLWu3Dt/jZgXS3MWK23INwC5DMBrVXZSufAFk0i0SUni38k9rLMyZn/w==",
      "peer": true
    },
    "node_modules/parse5": {
      "version": "5.1.1",
      "resolved": "https://registry.npmjs.org/parse5/-/parse5-5.1.1.tgz",
      "integrity": "sha512-ugq4DFI0Ptb+WWjAdOK16+u/nHfiIrcE+sh8kZMaM0WllQKLI9rOUq6c2b7cwPkXdzfQESqvoqK6ug7U/Yyzug==",
      "optional": true,
      "peer": true
    },
    "node_modules/regenerator-runtime": {
      "version": "0.13.7",
      "resolved": "https://registry.npmjs.org/regenerator-runtime/-/regenerator-runtime-0.13.7.tgz",
      "integrity": "sha512-a54FxoJDIr27pgf7IgeQGxmqUNYrcV338lf/6gH456HZ/PhX+5BcwHXG9ajESmwe6WRO0tAzRUrRmNONWgkrew==",
      "peer": true
    },
    "node_modules/rxjs": {
      "version": "6.6.7",
      "resolved": "https://registry.npmjs.org/rxjs/-/rxjs-6.6.7.tgz",
      "integrity": "sha512-hTdwr+7yYNIT5n4AMYp85KA6yw2Va0FLa3Rguvbpa4W3I5xynaBZo41cM3XM+4Q6fRMj3sBYIR1VAmZMXYJvRQ==",
      "peer": true,
      "dependencies": {
        "tslib": "^1.9.0"
      },
      "engines": {
        "npm": ">=2.0.0"
      }
    },
    "node_modules/tslib": {
      "version": "1.14.1",
      "resolved": "https://registry.npmjs.org/tslib/-/tslib-1.14.1.tgz",
      "integrity": "sha512-Xni35NKzjgMrwevysHTCArtLDpPvye8zV/0E4EyYn43P7/7qvQwPh9BGkHewbMulVntbigmcT7rdX3BNo9wRJg==",
      "peer": true
    },
    "node_modules/zone.js": {
      "version": "0.10.3",
      "resolved": "https://registry.npmjs.org/zone.js/-/zone.js-0.10.3.tgz",
      "integrity": "sha512-LXVLVEq0NNOqK/fLJo3d0kfzd4sxwn2/h67/02pjCjfKDxgx1i9QqpvtHD8CrBnSSwMw5+dy11O7FRX5mkO7Cg==",
      "peer": true
    }
  },
  "dependencies": {
    "@angular/animations": {
      "version": "9.1.13",
      "resolved": "https://registry.npmjs.org/@angular/animations/-/animations-9.1.13.tgz",
      "integrity": "sha512-ane1eeQmsP7fcAiLgRhle7YIDgE88WDMMvzqJYhSxwLzXNF/hwqNeskmNcjo8bLt9h/yTIjrCQbycLCHJfU8UQ==",
      "peer": true,
      "requires": {}
    },
    "@angular/cdk": {
      "version": "9.2.4",
      "resolved": "https://registry.npmjs.org/@angular/cdk/-/cdk-9.2.4.tgz",
      "integrity": "sha512-iw2+qHMXHYVC6K/fttHeNHIieSKiTEodVutZoOEcBu9rmRTGbLB26V/CRsfIRmA1RBk+uFYWc6UQZnMC3RdnJQ==",
      "peer": true,
      "requires": {
        "parse5": "^5.0.0"
      }
    },
    "@angular/common": {
      "version": "9.1.13",
      "resolved": "https://registry.npmjs.org/@angular/common/-/common-9.1.13.tgz",
      "integrity": "sha512-QACUhJWlly/nfHUmjopVS1p6ayxxa/NqjyftdCeBJaoyM2YohqWixP/n/keu1K/srJ96aFpUNsZQgmgoRv5SOQ==",
      "peer": true,
      "requires": {}
    },
    "@angular/core": {
      "version": "9.1.13",
      "resolved": "https://registry.npmjs.org/@angular/core/-/core-9.1.13.tgz",
      "integrity": "sha512-mBm24Q9GjkAsxMAzqQ86U1078+yTEpr0+syMEruUtJ0HUH6Fzn3J+6xTLb+BVcGb9RkCkFaV9T5mcn6ZM0f++g==",
      "peer": true,
      "requires": {}
    },
    "@angular/forms": {
      "version": "9.1.13",
      "resolved": "https://registry.npmjs.org/@angular/forms/-/forms-9.1.13.tgz",
      "integrity": "sha512-soGVZmPq2bzkxvtTyeJB8p3ejzm4xxt+43hJw6Ag8NxpwUFPVa30oJge3JV+u8Y4yBtl5SbOZ4bBX3EkMxLcGQ==",
      "peer": true,
      "requires": {}
    },
    "@angular/material": {
      "version": "9.2.4",
      "resolved": "https://registry.npmjs.org/@angular/material/-/material-9.2.4.tgz",
      "integrity": "sha512-LkoTXE6B0slvMhvfZDdPWaz4yaYLkaAp5VSPunI9pxGsPxzqEV9e210wC1/sjG/76Nk8Ep7/2z9XKac8Q9bMwA==",
      "peer": true,
      "requires": {}
    },
    "@angular/platform-browser": {
      "version": "9.1.13",
      "resolved": "https://registry.npmjs.org/@angular/platform-browser/-/platform-browser-9.1.13.tgz",
      "integrity": "sha512-F3iTz1zNbtrs7KFKUxbj8qmTsd/fiuTNcpBExjE5TtatRiE6J8vNvN1+Z/1FgPe0UXBSdTzSwZ8/RxWKw20RMw==",
      "peer": true,
      "requires": {}
    },
    "@babel/runtime": {
      "version": "7.13.10",
      "resolved": "https://registry.npmjs.org/@babel/runtime/-/runtime-7.13.10.tgz",
      "integrity": "sha512-4QPkjJq6Ns3V/RgpEahRk+AGfL0eO6RHHtTWoNNr5mO49G6B5+X6d6THgWEAvTrznU5xYpbAlVKRYcsCgh/Akw==",
      "peer": true,
      "requires": {
        "regenerator-runtime": "^0.13.4"
      }
    },
    "@editorjs/code": {
      "version": "2.7.0",
      "resolved": "https://registry.npmjs.org/@editorjs/code/-/code-2.7.0.tgz",
      "integrity": "sha512-gXtTce915fHp3H9i4IqhTxEDbbkT2heFfYiW/bhFHsCmZDpyGzfZxi94kmrEqDmbxXjV49ZZ6GZbR26If13KJw==",
      "peer": true
    },
    "@editorjs/editorjs": {
      "version": "2.20.0",
      "resolved": "https://registry.npmjs.org/@editorjs/editorjs/-/editorjs-2.20.0.tgz",
      "integrity": "sha512-e6DWi8bMypFhovq9R6cefaDWVfrlVU++Q7ABp79+MxZIuC/SKAW5EtxBbKPL22H/Mc3bJIhZCxOqEl70HBh2yw==",
      "peer": true,
      "requires": {
        "codex-notifier": "^1.1.2",
        "codex-tooltip": "^1.0.1"
      }
    },
    "@editorjs/header": {
      "version": "2.6.1",
      "resolved": "https://registry.npmjs.org/@editorjs/header/-/header-2.6.1.tgz",
      "integrity": "sha512-EsnyVFv5uThpU9tbQ/dUPFCQoa/sBFy2n+9tN3wOXJGx7sjea4fdcacJ2UYhO+7pCgZ+aSgmMOyGLYHUFbchvA==",
      "peer": true
    },
    "@editorjs/image": {
      "version": "2.6.0",
      "resolved": "https://registry.npmjs.org/@editorjs/image/-/image-2.6.0.tgz",
      "integrity": "sha512-lX4Pz9cW3gGFzlmYLRAsBXTiqUG/MRG7NK4QVU+n/VnUWPU1e791eiIpgRLHfpPj6Maaw5a+GRut90D5EdXtqg==",
      "peer": true
    },
    "@editorjs/inline-code": {
      "version": "1.3.1",
      "resolved": "https://registry.npmjs.org/@editorjs/inline-code/-/inline-code-1.3.1.tgz",
      "integrity": "sha512-iY6DeRmJo2Jl6sB2S9QEA9OoSp+KCHBztoY2fjPeiBcKCOKX8we5H3JQJTLxT0L/N8uJqCUiiPKgG6xvqaCn+g==",
      "peer": true
    },
    "@editorjs/link": {
      "version": "2.3.1",
      "resolved": "https://registry.npmjs.org/@editorjs/link/-/link-2.3.1.tgz",
      "integrity": "sha512-FvZTzgMd8jPZOwcs/ns65hW5H6xAPyxMG/pUsOTDuSH40Ko1G7QPPtUJJ3M6vOH5GJQ9KVwQ3ng3Kx4P9ndFWQ==",
      "peer": true,
      "requires": {
        "@babel/runtime": "^7.10.2"
      }
    },
    "@editorjs/list": {
      "version": "1.6.2",
      "resolved": "https://registry.npmjs.org/@editorjs/list/-/list-1.6.2.tgz",
      "integrity": "sha512-OxowV0yuE11G01czYM1dEQlz1F37ehX0ak5vAbZ9ncSXrPh0fDRw/fBxTY654FlmrsQ40UFom3owSG++tLvVGw==",
      "peer": true
    },
    "@editorjs/marker": {
      "version": "1.2.2",
      "resolved": "https://registry.npmjs.org/@editorjs/marker/-/marker-1.2.2.tgz",
      "integrity": "sha512-BN/IHbVKKahGnMAiBOV5U7XUjfF6JkIkTZ6qNLxtTr7PUPM8UsJV8G8pyll9CX+XRUYYZyokA2kEBHTS4vUyyw==",
      "peer": true
    },
    "@editorjs/paragraph": {
      "version": "2.8.0",
      "resolved": "https://registry.npmjs.org/@editorjs/paragraph/-/paragraph-2.8.0.tgz",
      "integrity": "sha512-z6w5ZR0ru3p/IjxJW/tb7OcSnVttkZukQMIsnBMX1FIKc1BNdr7NwM1YoCyTl4OnC90YfL0xgES6/20/W267pw==",
      "peer": true
    },
    "@editorjs/simple-image": {
      "version": "1.4.1",
      "resolved": "https://registry.npmjs.org/@editorjs/simple-image/-/simple-image-1.4.1.tgz",
      "integrity": "sha512-8lqcMYKrxhnDNasqq4Id9/SwXymSofVb4SJBC7gQoJmNG9bfRgVEXLsEUnuLzn8ixkAYlK2oNTc7ioZdD8bEOw==",
      "peer": true
    },
    "@tinynodes/ngx-editorjs-plugins": {
      "version": "3.0.0",
      "resolved": "https://registry.npmjs.org/@tinynodes/ngx-editorjs-plugins/-/ngx-editorjs-plugins-3.0.0.tgz",
      "integrity": "sha512-kUUoTY5aBWqdoUbKu9rLVSLahCFck0em8uNi6ibSNUCZvioVAO4EEj3vjXYWS44kW0+of6HxHJBDjgkEmNXpzg==",
      "peer": true,
      "requires": {}
    },
    "codex-notifier": {
      "version": "1.1.2",
      "resolved": "https://registry.npmjs.org/codex-notifier/-/codex-notifier-1.1.2.tgz",
      "integrity": "sha512-DCp6xe/LGueJ1N5sXEwcBc3r3PyVkEEDNWCVigfvywAkeXcZMk9K41a31tkEFBW0Ptlwji6/JlAb49E3Yrxbtg==",
      "peer": true
    },
    "codex-tooltip": {
      "version": "1.0.2",
      "resolved": "https://registry.npmjs.org/codex-tooltip/-/codex-tooltip-1.0.2.tgz",
      "integrity": "sha512-oC+Bu5X/zyhbPydgMSLWKoM/+vkJMqaLWu3Dt/jZgXS3MWK23INwC5DMBrVXZSufAFk0i0SUni38k9rLMyZn/w==",
      "peer": true
    },
    "parse5": {
      "version": "5.1.1",
      "resolved": "https://registry.npmjs.org/parse5/-/parse5-5.1.1.tgz",
      "integrity": "sha512-ugq4DFI0Ptb+WWjAdOK16+u/nHfiIrcE+sh8kZMaM0WllQKLI9rOUq6c2b7cwPkXdzfQESqvoqK6ug7U/Yyzug==",
      "optional": true,
      "peer": true
    },
    "regenerator-runtime": {
      "version": "0.13.7",
      "resolved": "https://registry.npmjs.org/regenerator-runtime/-/regenerator-runtime-0.13.7.tgz",
      "integrity": "sha512-a54FxoJDIr27pgf7IgeQGxmqUNYrcV338lf/6gH456HZ/PhX+5BcwHXG9ajESmwe6WRO0tAzRUrRmNONWgkrew==",
      "peer": true
    },
    "rxjs": {
      "version": "6.6.7",
      "resolved": "https://registry.npmjs.org/rxjs/-/rxjs-6.6.7.tgz",
      "integrity": "sha512-hTdwr+7yYNIT5n4AMYp85KA6yw2Va0FLa3Rguvbpa4W3I5xynaBZo41cM3XM+4Q6fRMj3sBYIR1VAmZMXYJvRQ==",
      "peer": true,
      "requires": {
        "tslib": "^1.9.0"
      }
    },
    "tslib": {
      "version": "1.14.1",
      "resolved": "https://registry.npmjs.org/tslib/-/tslib-1.14.1.tgz",
      "integrity": "sha512-Xni35NKzjgMrwevysHTCArtLDpPvye8zV/0E4EyYn43P7/7qvQwPh9BGkHewbMulVntbigmcT7rdX3BNo9wRJg==",
      "peer": true
    },
    "zone.js": {
      "version": "0.10.3",
      "resolved": "https://registry.npmjs.org/zone.js/-/zone.js-0.10.3.tgz",
      "integrity": "sha512-LXVLVEq0NNOqK/fLJo3d0kfzd4sxwn2/h67/02pjCjfKDxgx1i9QqpvtHD8CrBnSSwMw5+dy11O7FRX5mkO7Cg==",
      "peer": true
    }
  }
}
