{
  "name": "@tinynodes/ngx-editorjs",
  "version": "5.1.0",
  "lockfileVersion": 2,
  "requires": true,
  "packages": {
    "": {
      "name": "@tinynodes/ngx-editorjs",
      "version": "5.1.0",
      "license": "MIT",
      "devDependencies": {
        "@tinynodes/ngx-editorjs-plugins": "file:../ngx-editorjs-plugins"
      },
      "peerDependencies": {
        "@angular/animations": "~13.1.1",
        "@angular/common": "~13.1.1",
        "@angular/core": "~13.1.1",
        "@angular/forms": "~13.1.1",
        "@angular/material": "~13.1.1",
        "@editorjs/editorjs": "^2.22.2"
      }
    },
    "../ngx-editorjs-plugins": {
      "name": "@tinynodes/ngx-editorjs-plugins",
      "version": "4.1.0",
      "dev": true,
      "license": "MIT",
      "devDependencies": {},
      "peerDependencies": {
        "@angular/common": "~13.1.1",
        "@angular/core": "~13.1.1",
        "@editorjs/checklist": "^1.3.0",
        "@editorjs/code": "^2.7.0",
        "@editorjs/delimiter": "^1.2.0",
        "@editorjs/header": "^2.6.2",
        "@editorjs/image": "^2.6.2",
        "@editorjs/inline-code": "^1.3.1",
        "@editorjs/link": "^2.3.1",
        "@editorjs/list": "^1.6.2",
        "@editorjs/marker": "^1.2.2",
        "@editorjs/nested-list": "^1.0.2",
        "@editorjs/paragraph": "^2.8.0",
        "@editorjs/personality": "^2.0.2",
        "@editorjs/simple-image": "^1.4.1",
        "@editorjs/table": "^2.0.1",
        "@editorjs/underline": "^1.0.0"
      }
    },
    "node_modules/@angular/animations": {
      "version": "13.1.1",
      "resolved": "https://registry.npmjs.org/@angular/animations/-/animations-13.1.1.tgz",
      "integrity": "sha512-6ECC9Dn5gmV4U1cz1pRJ2p5lo0BET2CjG1RbhTaZR8lOsoMsmlV/JdBAp8eyYTiGii3MLS6Q2P/hN/YG2SRGQQ==",
      "peer": true,
      "dependencies": {
        "tslib": "^2.3.0"
      },
      "engines": {
        "node": "^12.20.0 || ^14.15.0 || >=16.10.0"
      },
      "peerDependencies": {
        "@angular/core": "13.1.1"
      }
    },
    "node_modules/@angular/animations/node_modules/tslib": {
      "version": "2.3.1",
      "resolved": "https://registry.npmjs.org/tslib/-/tslib-2.3.1.tgz",
      "integrity": "sha512-77EbyPPpMz+FRFRuAFlWMtmgUWGe9UOG2Z25NqCwiIjRhOf5iKGuzSe5P2w1laq+FkRy4p+PCuVkJSGkzTEKVw==",
      "peer": true
    },
    "node_modules/@angular/cdk": {
      "version": "13.1.1",
      "resolved": "https://registry.npmjs.org/@angular/cdk/-/cdk-13.1.1.tgz",
      "integrity": "sha512-66PyWg+zKdxTe3b1pc1RduT8hsMs/hJ0aD0JX0pSEWVq7O0OJWJ5f0z+Mk03T9tAERA3NK1GifcKEDq5k7R2Zw==",
      "peer": true,
      "dependencies": {
        "tslib": "^2.3.0"
      },
      "optionalDependencies": {
        "parse5": "^5.0.0"
      },
      "peerDependencies": {
        "@angular/common": "^13.0.0 || ^14.0.0-0",
        "@angular/core": "^13.0.0 || ^14.0.0-0",
        "rxjs": "^6.5.3 || ^7.4.0"
      }
    },
    "node_modules/@angular/cdk/node_modules/tslib": {
      "version": "2.3.1",
      "resolved": "https://registry.npmjs.org/tslib/-/tslib-2.3.1.tgz",
      "integrity": "sha512-77EbyPPpMz+FRFRuAFlWMtmgUWGe9UOG2Z25NqCwiIjRhOf5iKGuzSe5P2w1laq+FkRy4p+PCuVkJSGkzTEKVw==",
      "peer": true
    },
    "node_modules/@angular/common": {
      "version": "13.1.1",
      "resolved": "https://registry.npmjs.org/@angular/common/-/common-13.1.1.tgz",
      "integrity": "sha512-FQwRZ1XgTH2PbPjBmq2jAZzETVNX9yWQt21MuNGtokC7V4eS0NYlFIDbhy3UPWCzRgd3+P7P4+HdX15VxCjf9g==",
      "peer": true,
      "dependencies": {
        "tslib": "^2.3.0"
      },
      "engines": {
        "node": "^12.20.0 || ^14.15.0 || >=16.10.0"
      },
      "peerDependencies": {
        "@angular/core": "13.1.1",
        "rxjs": "^6.5.3 || ^7.4.0"
      }
    },
    "node_modules/@angular/common/node_modules/tslib": {
      "version": "2.3.1",
      "resolved": "https://registry.npmjs.org/tslib/-/tslib-2.3.1.tgz",
      "integrity": "sha512-77EbyPPpMz+FRFRuAFlWMtmgUWGe9UOG2Z25NqCwiIjRhOf5iKGuzSe5P2w1laq+FkRy4p+PCuVkJSGkzTEKVw==",
      "peer": true
    },
    "node_modules/@angular/core": {
      "version": "13.1.1",
      "resolved": "https://registry.npmjs.org/@angular/core/-/core-13.1.1.tgz",
      "integrity": "sha512-oLGKgzUbHqte/q7EokOJWUiXAtBjwuZM6c9Or2a7WDJNeImQilxk5qy91RPSbP8FhOBysebqAayrfiCYexlShg==",
      "peer": true,
      "dependencies": {
        "tslib": "^2.3.0"
      },
      "engines": {
        "node": "^12.20.0 || ^14.15.0 || >=16.10.0"
      },
      "peerDependencies": {
        "rxjs": "^6.5.3 || ^7.4.0",
        "zone.js": "~0.11.4"
      }
    },
    "node_modules/@angular/core/node_modules/tslib": {
      "version": "2.3.1",
      "resolved": "https://registry.npmjs.org/tslib/-/tslib-2.3.1.tgz",
      "integrity": "sha512-77EbyPPpMz+FRFRuAFlWMtmgUWGe9UOG2Z25NqCwiIjRhOf5iKGuzSe5P2w1laq+FkRy4p+PCuVkJSGkzTEKVw==",
      "peer": true
    },
    "node_modules/@angular/forms": {
      "version": "13.1.1",
      "resolved": "https://registry.npmjs.org/@angular/forms/-/forms-13.1.1.tgz",
      "integrity": "sha512-wtYzRHPv4mf1Vsi4GEal5qcI2wjqUW+lu8Fsd2Aoe8NqkwtY3fq+iWEP/4pnvmH0RlC+3QbNNV/01D5UKolvgg==",
      "peer": true,
      "dependencies": {
        "tslib": "^2.3.0"
      },
      "engines": {
        "node": "^12.20.0 || ^14.15.0 || >=16.10.0"
      },
      "peerDependencies": {
        "@angular/common": "13.1.1",
        "@angular/core": "13.1.1",
        "@angular/platform-browser": "13.1.1",
        "rxjs": "^6.5.3 || ^7.4.0"
      }
    },
    "node_modules/@angular/forms/node_modules/tslib": {
      "version": "2.3.1",
      "resolved": "https://registry.npmjs.org/tslib/-/tslib-2.3.1.tgz",
      "integrity": "sha512-77EbyPPpMz+FRFRuAFlWMtmgUWGe9UOG2Z25NqCwiIjRhOf5iKGuzSe5P2w1laq+FkRy4p+PCuVkJSGkzTEKVw==",
      "peer": true
    },
    "node_modules/@angular/material": {
      "version": "13.1.1",
      "resolved": "https://registry.npmjs.org/@angular/material/-/material-13.1.1.tgz",
      "integrity": "sha512-kKWZBhnzuBYAVO1nrkqEaVTCJ2onEWs+tzAJDIlmbo9USiQyVCnFXx+rs86m4kRUxeAAZ9mcW5BGJr6oy5ClCA==",
      "peer": true,
      "dependencies": {
        "tslib": "^2.3.0"
      },
      "peerDependencies": {
        "@angular/animations": "^13.0.0 || ^14.0.0-0",
        "@angular/cdk": "13.1.1",
        "@angular/common": "^13.0.0 || ^14.0.0-0",
        "@angular/core": "^13.0.0 || ^14.0.0-0",
        "@angular/forms": "^13.0.0 || ^14.0.0-0",
        "rxjs": "^6.5.3 || ^7.4.0"
      }
    },
    "node_modules/@angular/material/node_modules/tslib": {
      "version": "2.3.1",
      "resolved": "https://registry.npmjs.org/tslib/-/tslib-2.3.1.tgz",
      "integrity": "sha512-77EbyPPpMz+FRFRuAFlWMtmgUWGe9UOG2Z25NqCwiIjRhOf5iKGuzSe5P2w1laq+FkRy4p+PCuVkJSGkzTEKVw==",
      "peer": true
    },
    "node_modules/@angular/platform-browser": {
      "version": "13.1.1",
      "resolved": "https://registry.npmjs.org/@angular/platform-browser/-/platform-browser-13.1.1.tgz",
      "integrity": "sha512-jk9MGwnaVc98wmw5dRBicduI/a8dHtUzaAi1dV003fUWldS9a5FBuj/ym7DJubaD5Njl8l79SFbjrP9aAsqM5A==",
      "peer": true,
      "dependencies": {
        "tslib": "^2.3.0"
      },
      "engines": {
        "node": "^12.20.0 || ^14.15.0 || >=16.10.0"
      },
      "peerDependencies": {
        "@angular/animations": "13.1.1",
        "@angular/common": "13.1.1",
        "@angular/core": "13.1.1"
      },
      "peerDependenciesMeta": {
        "@angular/animations": {
          "optional": true
        }
      }
    },
    "node_modules/@angular/platform-browser/node_modules/tslib": {
      "version": "2.3.1",
      "resolved": "https://registry.npmjs.org/tslib/-/tslib-2.3.1.tgz",
      "integrity": "sha512-77EbyPPpMz+FRFRuAFlWMtmgUWGe9UOG2Z25NqCwiIjRhOf5iKGuzSe5P2w1laq+FkRy4p+PCuVkJSGkzTEKVw==",
      "peer": true
    },
    "node_modules/@editorjs/editorjs": {
      "version": "2.22.2",
      "resolved": "https://registry.npmjs.org/@editorjs/editorjs/-/editorjs-2.22.2.tgz",
      "integrity": "sha512-rPCv7Z5LZebreQaaL4DZuWzoVGEqwB+P7BF1dsefGQNBmLyeLF412topeW2b6e+g4l1oQ7t75kCOACNTEyYYIA==",
      "peer": true,
      "dependencies": {
        "codex-notifier": "^1.1.2",
        "codex-tooltip": "^1.0.2",
        "nanoid": "^3.1.22"
      }
    },
    "node_modules/@tinynodes/ngx-editorjs-plugins": {
      "resolved": "../ngx-editorjs-plugins",
      "link": true
    },
    "node_modules/codex-notifier": {
      "version": "1.1.2",
      "resolved": "https://registry.npmjs.org/codex-notifier/-/codex-notifier-1.1.2.tgz",
      "integrity": "sha512-DCp6xe/LGueJ1N5sXEwcBc3r3PyVkEEDNWCVigfvywAkeXcZMk9K41a31tkEFBW0Ptlwji6/JlAb49E3Yrxbtg==",
      "peer": true
    },
    "node_modules/codex-tooltip": {
      "version": "1.0.2",
      "resolved": "https://registry.npmjs.org/codex-tooltip/-/codex-tooltip-1.0.2.tgz",
      "integrity": "sha512-oC+Bu5X/zyhbPydgMSLWKoM/+vkJMqaLWu3Dt/jZgXS3MWK23INwC5DMBrVXZSufAFk0i0SUni38k9rLMyZn/w==",
      "peer": true
    },
    "node_modules/nanoid": {
      "version": "3.1.30",
      "resolved": "https://registry.npmjs.org/nanoid/-/nanoid-3.1.30.tgz",
      "integrity": "sha512-zJpuPDwOv8D2zq2WRoMe1HsfZthVewpel9CAvTfc/2mBD1uUT/agc5f7GHGWXlYkFvi1mVxe4IjvP2HNrop7nQ==",
      "peer": true,
      "bin": {
        "nanoid": "bin/nanoid.cjs"
      },
      "engines": {
        "node": "^10 || ^12 || ^13.7 || ^14 || >=15.0.1"
      }
    },
    "node_modules/parse5": {
      "version": "5.1.1",
      "resolved": "https://registry.npmjs.org/parse5/-/parse5-5.1.1.tgz",
      "integrity": "sha512-ugq4DFI0Ptb+WWjAdOK16+u/nHfiIrcE+sh8kZMaM0WllQKLI9rOUq6c2b7cwPkXdzfQESqvoqK6ug7U/Yyzug==",
      "optional": true,
      "peer": true
    },
    "node_modules/rxjs": {
      "version": "6.6.7",
      "resolved": "https://registry.npmjs.org/rxjs/-/rxjs-6.6.7.tgz",
      "integrity": "sha512-hTdwr+7yYNIT5n4AMYp85KA6yw2Va0FLa3Rguvbpa4W3I5xynaBZo41cM3XM+4Q6fRMj3sBYIR1VAmZMXYJvRQ==",
      "peer": true,
      "dependencies": {
        "tslib": "^1.9.0"
      },
      "engines": {
        "npm": ">=2.0.0"
      }
    },
    "node_modules/tslib": {
      "version": "1.14.1",
      "resolved": "https://registry.npmjs.org/tslib/-/tslib-1.14.1.tgz",
      "integrity": "sha512-Xni35NKzjgMrwevysHTCArtLDpPvye8zV/0E4EyYn43P7/7qvQwPh9BGkHewbMulVntbigmcT7rdX3BNo9wRJg==",
      "peer": true
    },
    "node_modules/zone.js": {
      "version": "0.11.4",
      "resolved": "https://registry.npmjs.org/zone.js/-/zone.js-0.11.4.tgz",
      "integrity": "sha512-DDh2Ab+A/B+9mJyajPjHFPWfYU1H+pdun4wnnk0OcQTNjem1XQSZ2CDW+rfZEUDjv5M19SBqAkjZi0x5wuB5Qw==",
      "peer": true,
      "dependencies": {
        "tslib": "^2.0.0"
      }
    },
    "node_modules/zone.js/node_modules/tslib": {
      "version": "2.3.1",
      "resolved": "https://registry.npmjs.org/tslib/-/tslib-2.3.1.tgz",
      "integrity": "sha512-77EbyPPpMz+FRFRuAFlWMtmgUWGe9UOG2Z25NqCwiIjRhOf5iKGuzSe5P2w1laq+FkRy4p+PCuVkJSGkzTEKVw==",
      "peer": true
    }
  },
  "dependencies": {
    "@angular/animations": {
      "version": "13.1.1",
      "resolved": "https://registry.npmjs.org/@angular/animations/-/animations-13.1.1.tgz",
      "integrity": "sha512-6ECC9Dn5gmV4U1cz1pRJ2p5lo0BET2CjG1RbhTaZR8lOsoMsmlV/JdBAp8eyYTiGii3MLS6Q2P/hN/YG2SRGQQ==",
      "peer": true,
      "requires": {
        "tslib": "^2.3.0"
      },
      "dependencies": {
        "tslib": {
          "version": "2.3.1",
          "resolved": "https://registry.npmjs.org/tslib/-/tslib-2.3.1.tgz",
          "integrity": "sha512-77EbyPPpMz+FRFRuAFlWMtmgUWGe9UOG2Z25NqCwiIjRhOf5iKGuzSe5P2w1laq+FkRy4p+PCuVkJSGkzTEKVw==",
          "peer": true
        }
      }
    },
    "@angular/cdk": {
      "version": "13.1.1",
      "resolved": "https://registry.npmjs.org/@angular/cdk/-/cdk-13.1.1.tgz",
      "integrity": "sha512-66PyWg+zKdxTe3b1pc1RduT8hsMs/hJ0aD0JX0pSEWVq7O0OJWJ5f0z+Mk03T9tAERA3NK1GifcKEDq5k7R2Zw==",
      "peer": true,
      "requires": {
        "parse5": "^5.0.0",
        "tslib": "^2.3.0"
      },
      "dependencies": {
        "tslib": {
          "version": "2.3.1",
          "resolved": "https://registry.npmjs.org/tslib/-/tslib-2.3.1.tgz",
          "integrity": "sha512-77EbyPPpMz+FRFRuAFlWMtmgUWGe9UOG2Z25NqCwiIjRhOf5iKGuzSe5P2w1laq+FkRy4p+PCuVkJSGkzTEKVw==",
          "peer": true
        }
      }
    },
    "@angular/common": {
      "version": "13.1.1",
      "resolved": "https://registry.npmjs.org/@angular/common/-/common-13.1.1.tgz",
      "integrity": "sha512-FQwRZ1XgTH2PbPjBmq2jAZzETVNX9yWQt21MuNGtokC7V4eS0NYlFIDbhy3UPWCzRgd3+P7P4+HdX15VxCjf9g==",
      "peer": true,
      "requires": {
        "tslib": "^2.3.0"
      },
      "dependencies": {
        "tslib": {
          "version": "2.3.1",
          "resolved": "https://registry.npmjs.org/tslib/-/tslib-2.3.1.tgz",
          "integrity": "sha512-77EbyPPpMz+FRFRuAFlWMtmgUWGe9UOG2Z25NqCwiIjRhOf5iKGuzSe5P2w1laq+FkRy4p+PCuVkJSGkzTEKVw==",
          "peer": true
        }
      }
    },
    "@angular/core": {
      "version": "13.1.1",
      "resolved": "https://registry.npmjs.org/@angular/core/-/core-13.1.1.tgz",
      "integrity": "sha512-oLGKgzUbHqte/q7EokOJWUiXAtBjwuZM6c9Or2a7WDJNeImQilxk5qy91RPSbP8FhOBysebqAayrfiCYexlShg==",
      "peer": true,
      "requires": {
        "tslib": "^2.3.0"
      },
      "dependencies": {
        "tslib": {
          "version": "2.3.1",
          "resolved": "https://registry.npmjs.org/tslib/-/tslib-2.3.1.tgz",
          "integrity": "sha512-77EbyPPpMz+FRFRuAFlWMtmgUWGe9UOG2Z25NqCwiIjRhOf5iKGuzSe5P2w1laq+FkRy4p+PCuVkJSGkzTEKVw==",
          "peer": true
        }
      }
    },
    "@angular/forms": {
      "version": "13.1.1",
      "resolved": "https://registry.npmjs.org/@angular/forms/-/forms-13.1.1.tgz",
      "integrity": "sha512-wtYzRHPv4mf1Vsi4GEal5qcI2wjqUW+lu8Fsd2Aoe8NqkwtY3fq+iWEP/4pnvmH0RlC+3QbNNV/01D5UKolvgg==",
      "peer": true,
      "requires": {
        "tslib": "^2.3.0"
      },
      "dependencies": {
        "tslib": {
          "version": "2.3.1",
          "resolved": "https://registry.npmjs.org/tslib/-/tslib-2.3.1.tgz",
          "integrity": "sha512-77EbyPPpMz+FRFRuAFlWMtmgUWGe9UOG2Z25NqCwiIjRhOf5iKGuzSe5P2w1laq+FkRy4p+PCuVkJSGkzTEKVw==",
          "peer": true
        }
      }
    },
    "@angular/material": {
      "version": "13.1.1",
      "resolved": "https://registry.npmjs.org/@angular/material/-/material-13.1.1.tgz",
      "integrity": "sha512-kKWZBhnzuBYAVO1nrkqEaVTCJ2onEWs+tzAJDIlmbo9USiQyVCnFXx+rs86m4kRUxeAAZ9mcW5BGJr6oy5ClCA==",
      "peer": true,
      "requires": {
        "tslib": "^2.3.0"
      },
      "dependencies": {
        "tslib": {
          "version": "2.3.1",
          "resolved": "https://registry.npmjs.org/tslib/-/tslib-2.3.1.tgz",
          "integrity": "sha512-77EbyPPpMz+FRFRuAFlWMtmgUWGe9UOG2Z25NqCwiIjRhOf5iKGuzSe5P2w1laq+FkRy4p+PCuVkJSGkzTEKVw==",
          "peer": true
        }
      }
    },
    "@angular/platform-browser": {
      "version": "13.1.1",
      "resolved": "https://registry.npmjs.org/@angular/platform-browser/-/platform-browser-13.1.1.tgz",
      "integrity": "sha512-jk9MGwnaVc98wmw5dRBicduI/a8dHtUzaAi1dV003fUWldS9a5FBuj/ym7DJubaD5Njl8l79SFbjrP9aAsqM5A==",
      "peer": true,
      "requires": {
        "tslib": "^2.3.0"
      },
      "dependencies": {
        "tslib": {
          "version": "2.3.1",
          "resolved": "https://registry.npmjs.org/tslib/-/tslib-2.3.1.tgz",
          "integrity": "sha512-77EbyPPpMz+FRFRuAFlWMtmgUWGe9UOG2Z25NqCwiIjRhOf5iKGuzSe5P2w1laq+FkRy4p+PCuVkJSGkzTEKVw==",
          "peer": true
        }
      }
    },
    "@editorjs/editorjs": {
      "version": "2.22.2",
      "resolved": "https://registry.npmjs.org/@editorjs/editorjs/-/editorjs-2.22.2.tgz",
      "integrity": "sha512-rPCv7Z5LZebreQaaL4DZuWzoVGEqwB+P7BF1dsefGQNBmLyeLF412topeW2b6e+g4l1oQ7t75kCOACNTEyYYIA==",
      "peer": true,
      "requires": {
        "codex-notifier": "^1.1.2",
        "codex-tooltip": "^1.0.2",
        "nanoid": "^3.1.22"
      }
    },
    "@tinynodes/ngx-editorjs-plugins": {
      "version": "file:../ngx-editorjs-plugins",
      "requires": {}
    },
    "codex-notifier": {
      "version": "1.1.2",
      "resolved": "https://registry.npmjs.org/codex-notifier/-/codex-notifier-1.1.2.tgz",
      "integrity": "sha512-DCp6xe/LGueJ1N5sXEwcBc3r3PyVkEEDNWCVigfvywAkeXcZMk9K41a31tkEFBW0Ptlwji6/JlAb49E3Yrxbtg==",
      "peer": true
    },
    "codex-tooltip": {
      "version": "1.0.2",
      "resolved": "https://registry.npmjs.org/codex-tooltip/-/codex-tooltip-1.0.2.tgz",
      "integrity": "sha512-oC+Bu5X/zyhbPydgMSLWKoM/+vkJMqaLWu3Dt/jZgXS3MWK23INwC5DMBrVXZSufAFk0i0SUni38k9rLMyZn/w==",
      "peer": true
    },
    "nanoid": {
      "version": "3.1.30",
      "resolved": "https://registry.npmjs.org/nanoid/-/nanoid-3.1.30.tgz",
      "integrity": "sha512-zJpuPDwOv8D2zq2WRoMe1HsfZthVewpel9CAvTfc/2mBD1uUT/agc5f7GHGWXlYkFvi1mVxe4IjvP2HNrop7nQ==",
      "peer": true
    },
    "parse5": {
      "version": "5.1.1",
      "resolved": "https://registry.npmjs.org/parse5/-/parse5-5.1.1.tgz",
      "integrity": "sha512-ugq4DFI0Ptb+WWjAdOK16+u/nHfiIrcE+sh8kZMaM0WllQKLI9rOUq6c2b7cwPkXdzfQESqvoqK6ug7U/Yyzug==",
      "optional": true,
      "peer": true
    },
    "rxjs": {
      "version": "6.6.7",
      "resolved": "https://registry.npmjs.org/rxjs/-/rxjs-6.6.7.tgz",
      "integrity": "sha512-hTdwr+7yYNIT5n4AMYp85KA6yw2Va0FLa3Rguvbpa4W3I5xynaBZo41cM3XM+4Q6fRMj3sBYIR1VAmZMXYJvRQ==",
      "peer": true,
      "requires": {
        "tslib": "^1.9.0"
      }
    },
    "tslib": {
      "version": "1.14.1",
      "resolved": "https://registry.npmjs.org/tslib/-/tslib-1.14.1.tgz",
      "integrity": "sha512-Xni35NKzjgMrwevysHTCArtLDpPvye8zV/0E4EyYn43P7/7qvQwPh9BGkHewbMulVntbigmcT7rdX3BNo9wRJg==",
      "peer": true
    },
    "zone.js": {
      "version": "0.11.4",
      "resolved": "https://registry.npmjs.org/zone.js/-/zone.js-0.11.4.tgz",
      "integrity": "sha512-DDh2Ab+A/B+9mJyajPjHFPWfYU1H+pdun4wnnk0OcQTNjem1XQSZ2CDW+rfZEUDjv5M19SBqAkjZi0x5wuB5Qw==",
      "peer": true,
      "requires": {
        "tslib": "^2.0.0"
      },
      "dependencies": {
        "tslib": {
          "version": "2.3.1",
          "resolved": "https://registry.npmjs.org/tslib/-/tslib-2.3.1.tgz",
          "integrity": "sha512-77EbyPPpMz+FRFRuAFlWMtmgUWGe9UOG2Z25NqCwiIjRhOf5iKGuzSe5P2w1laq+FkRy4p+PCuVkJSGkzTEKVw==",
          "peer": true
        }
      }
    }
  }
}
